// !$*UTF8*$!
{
	archiveVersion = 1;
	classes = {
	};
	objectVersion = 46;
	objects = {

/* Begin PBXBuildFile section */
		0C1624511E5C90260086B04A /* NetworkController.swift in Sources */ = {isa = PBXBuildFile; fileRef = 0C1624501E5C90260086B04A /* NetworkController.swift */; };
		0C1624531E5C90340086B04A /* webservices.swift in Sources */ = {isa = PBXBuildFile; fileRef = 0C1624521E5C90340086B04A /* webservices.swift */; };
		0C1624551E5C90420086B04A /* ImageInfo.swift in Sources */ = {isa = PBXBuildFile; fileRef = 0C1624541E5C90420086B04A /* ImageInfo.swift */; };
		0C1FA85C1E55CD2200991A8C /* ImageZoomViewController.swift in Sources */ = {isa = PBXBuildFile; fileRef = 0C1FA85B1E55CD2200991A8C /* ImageZoomViewController.swift */; };
		0C32CC741E55782000A04941 /* AppDelegate.swift in Sources */ = {isa = PBXBuildFile; fileRef = 0C32CC731E55782000A04941 /* AppDelegate.swift */; };
		0C32CC761E55782000A04941 /* ViewController.swift in Sources */ = {isa = PBXBuildFile; fileRef = 0C32CC751E55782000A04941 /* ViewController.swift */; };
		0C32CC791E55782000A04941 /* Main.storyboard in Resources */ = {isa = PBXBuildFile; fileRef = 0C32CC771E55782000A04941 /* Main.storyboard */; };
		0C32CC7B1E55782000A04941 /* Assets.xcassets in Resources */ = {isa = PBXBuildFile; fileRef = 0C32CC7A1E55782000A04941 /* Assets.xcassets */; };
		0C32CC7E1E55782000A04941 /* LaunchScreen.storyboard in Resources */ = {isa = PBXBuildFile; fileRef = 0C32CC7C1E55782000A04941 /* LaunchScreen.storyboard */; };
		0C32CC8B1E55857C00A04941 /* ImageCollectionViewCell.swift in Sources */ = {isa = PBXBuildFile; fileRef = 0C32CC891E55857C00A04941 /* ImageCollectionViewCell.swift */; };
		0C32CC8C1E55857C00A04941 /* ImageCollectionViewCell.xib in Resources */ = {isa = PBXBuildFile; fileRef = 0C32CC8A1E55857C00A04941 /* ImageCollectionViewCell.xib */; };
		0C32CC8F1E558CE200A04941 /* tableViewCellTableViewCell.swift in Sources */ = {isa = PBXBuildFile; fileRef = 0C32CC8D1E558CE200A04941 /* tableViewCellTableViewCell.swift */; };
		0C32CC901E558CE200A04941 /* tableViewCellTableViewCell.xib in Resources */ = {isa = PBXBuildFile; fileRef = 0C32CC8E1E558CE200A04941 /* tableViewCellTableViewCell.xib */; };
		0C48A8A91E5EBF70007C9CDE /* Jason.swift in Sources */ = {isa = PBXBuildFile; fileRef = 0C48A8A81E5EBF70007C9CDE /* Jason.swift */; };
		0CF309B01E58270900DD0C9F /* extensionUI.swift in Sources */ = {isa = PBXBuildFile; fileRef = 0CF309AF1E58270900DD0C9F /* extensionUI.swift */; };
		0CFE557F1E5598D800EF0E57 /* headerView.xib in Resources */ = {isa = PBXBuildFile; fileRef = 0CFE557E1E5598D800EF0E57 /* headerView.xib */; };
		0CFE55811E55991000EF0E57 /* headerView.swift in Sources */ = {isa = PBXBuildFile; fileRef = 0CFE55801E55991000EF0E57 /* headerView.swift */; };
		DF65E0D691F1ABA1DDE127B1 /* Pods_MyntraUI.framework in Frameworks */ = {isa = PBXBuildFile; fileRef = 7DBEA0B696E9B338F645E3BB /* Pods_MyntraUI.framework */; };
/* End PBXBuildFile section */

/* Begin PBXFileReference section */
		0C1624501E5C90260086B04A /* NetworkController.swift */ = {isa = PBXFileReference; fileEncoding = 4; lastKnownFileType = sourcecode.swift; path = NetworkController.swift; sourceTree = "<group>"; };
		0C1624521E5C90340086B04A /* webservices.swift */ = {isa = PBXFileReference; fileEncoding = 4; lastKnownFileType = sourcecode.swift; path = webservices.swift; sourceTree = "<group>"; };
		0C1624541E5C90420086B04A /* ImageInfo.swift */ = {isa = PBXFileReference; fileEncoding = 4; lastKnownFileType = sourcecode.swift; path = ImageInfo.swift; sourceTree = "<group>"; };
		0C1FA85B1E55CD2200991A8C /* ImageZoomViewController.swift */ = {isa = PBXFileReference; fileEncoding = 4; lastKnownFileType = sourcecode.swift; path = ImageZoomViewController.swift; sourceTree = "<group>"; };
		0C32CC701E55782000A04941 /* MyntraUI.app */ = {isa = PBXFileReference; explicitFileType = wrapper.application; includeInIndex = 0; path = MyntraUI.app; sourceTree = BUILT_PRODUCTS_DIR; };
		0C32CC731E55782000A04941 /* AppDelegate.swift */ = {isa = PBXFileReference; lastKnownFileType = sourcecode.swift; path = AppDelegate.swift; sourceTree = "<group>"; };
		0C32CC751E55782000A04941 /* ViewController.swift */ = {isa = PBXFileReference; lastKnownFileType = sourcecode.swift; path = ViewController.swift; sourceTree = "<group>"; };
		0C32CC781E55782000A04941 /* Base */ = {isa = PBXFileReference; lastKnownFileType = file.storyboard; name = Base; path = Base.lproj/Main.storyboard; sourceTree = "<group>"; };
		0C32CC7A1E55782000A04941 /* Assets.xcassets */ = {isa = PBXFileReference; lastKnownFileType = folder.assetcatalog; path = Assets.xcassets; sourceTree = "<group>"; };
		0C32CC7D1E55782000A04941 /* Base */ = {isa = PBXFileReference; lastKnownFileType = file.storyboard; name = Base; path = Base.lproj/LaunchScreen.storyboard; sourceTree = "<group>"; };
		0C32CC7F1E55782000A04941 /* Info.plist */ = {isa = PBXFileReference; lastKnownFileType = text.plist.xml; path = Info.plist; sourceTree = "<group>"; };
		0C32CC891E55857C00A04941 /* ImageCollectionViewCell.swift */ = {isa = PBXFileReference; fileEncoding = 4; lastKnownFileType = sourcecode.swift; path = ImageCollectionViewCell.swift; sourceTree = "<group>"; };
		0C32CC8A1E55857C00A04941 /* ImageCollectionViewCell.xib */ = {isa = PBXFileReference; fileEncoding = 4; lastKnownFileType = file.xib; path = ImageCollectionViewCell.xib; sourceTree = "<group>"; };
		0C32CC8D1E558CE200A04941 /* tableViewCellTableViewCell.swift */ = {isa = PBXFileReference; fileEncoding = 4; lastKnownFileType = sourcecode.swift; path = tableViewCellTableViewCell.swift; sourceTree = "<group>"; };
		0C32CC8E1E558CE200A04941 /* tableViewCellTableViewCell.xib */ = {isa = PBXFileReference; fileEncoding = 4; lastKnownFileType = file.xib; path = tableViewCellTableViewCell.xib; sourceTree = "<group>"; };
		0C48A8A81E5EBF70007C9CDE /* Jason.swift */ = {isa = PBXFileReference; fileEncoding = 4; lastKnownFileType = sourcecode.swift; path = Jason.swift; sourceTree = "<group>"; };
		0CF309AF1E58270900DD0C9F /* extensionUI.swift */ = {isa = PBXFileReference; fileEncoding = 4; lastKnownFileType = sourcecode.swift; path = extensionUI.swift; sourceTree = "<group>"; };
		0CFE557E1E5598D800EF0E57 /* headerView.xib */ = {isa = PBXFileReference; fileEncoding = 4; lastKnownFileType = file.xib; path = headerView.xib; sourceTree = "<group>"; };
		0CFE55801E55991000EF0E57 /* headerView.swift */ = {isa = PBXFileReference; fileEncoding = 4; lastKnownFileType = sourcecode.swift; path = headerView.swift; sourceTree = "<group>"; };
		7DBEA0B696E9B338F645E3BB /* Pods_MyntraUI.framework */ = {isa = PBXFileReference; explicitFileType = wrapper.framework; includeInIndex = 0; path = Pods_MyntraUI.framework; sourceTree = BUILT_PRODUCTS_DIR; };
		A676F0C4C7B4F459D7972904 /* Pods-MyntraUI.debug.xcconfig */ = {isa = PBXFileReference; includeInIndex = 1; lastKnownFileType = text.xcconfig; name = "Pods-MyntraUI.debug.xcconfig"; path = "Pods/Target Support Files/Pods-MyntraUI/Pods-MyntraUI.debug.xcconfig"; sourceTree = "<group>"; };
		C6E13A7EA420DA8AE1ED3E66 /* Pods-MyntraUI.release.xcconfig */ = {isa = PBXFileReference; includeInIndex = 1; lastKnownFileType = text.xcconfig; name = "Pods-MyntraUI.release.xcconfig"; path = "Pods/Target Support Files/Pods-MyntraUI/Pods-MyntraUI.release.xcconfig"; sourceTree = "<group>"; };
/* End PBXFileReference section */

/* Begin PBXFrameworksBuildPhase section */
		0C32CC6D1E55782000A04941 /* Frameworks */ = {
			isa = PBXFrameworksBuildPhase;
			buildActionMask = 2147483647;
			files = (
				DF65E0D691F1ABA1DDE127B1 /* Pods_MyntraUI.framework in Frameworks */,
			);
			runOnlyForDeploymentPostprocessing = 0;
		};
/* End PBXFrameworksBuildPhase section */

/* Begin PBXGroup section */
		0C32CC671E55782000A04941 = {
			isa = PBXGroup;
			children = (
				0C32CC721E55782000A04941 /* MyntraUI */,
				0C32CC711E55782000A04941 /* Products */,
				13F38BE35D770CCB7BAAD9F6 /* Pods */,
				49E9EFC401ED437F0EB7DE74 /* Frameworks */,
			);
			sourceTree = "<group>";
		};
		0C32CC711E55782000A04941 /* Products */ = {
			isa = PBXGroup;
			children = (
				0C32CC701E55782000A04941 /* MyntraUI.app */,
			);
			name = Products;
			sourceTree = "<group>";
		};
		0C32CC721E55782000A04941 /* MyntraUI */ = {
			isa = PBXGroup;
			children = (
				0C32CC731E55782000A04941 /* AppDelegate.swift */,
				0C32CC751E55782000A04941 /* ViewController.swift */,
				0C48A8A81E5EBF70007C9CDE /* Jason.swift */,
				0C1624501E5C90260086B04A /* NetworkController.swift */,
				0C1624521E5C90340086B04A /* webservices.swift */,
				0C1624541E5C90420086B04A /* ImageInfo.swift */,
				0CF309AF1E58270900DD0C9F /* extensionUI.swift */,
				0CFE55801E55991000EF0E57 /* headerView.swift */,
				0C1FA85B1E55CD2200991A8C /* ImageZoomViewController.swift */,
				0C32CC8D1E558CE200A04941 /* tableViewCellTableViewCell.swift */,
				0CFE557E1E5598D800EF0E57 /* headerView.xib */,
				0C32CC8E1E558CE200A04941 /* tableViewCellTableViewCell.xib */,
				0C32CC891E55857C00A04941 /* ImageCollectionViewCell.swift */,
				0C32CC8A1E55857C00A04941 /* ImageCollectionViewCell.xib */,
				0C32CC771E55782000A04941 /* Main.storyboard */,
				0C32CC7A1E55782000A04941 /* Assets.xcassets */,
				0C32CC7C1E55782000A04941 /* LaunchScreen.storyboard */,
				0C32CC7F1E55782000A04941 /* Info.plist */,
			);
			path = MyntraUI;
			sourceTree = "<group>";
		};
		13F38BE35D770CCB7BAAD9F6 /* Pods */ = {
			isa = PBXGroup;
			children = (
				A676F0C4C7B4F459D7972904 /* Pods-MyntraUI.debug.xcconfig */,
				C6E13A7EA420DA8AE1ED3E66 /* Pods-MyntraUI.release.xcconfig */,
			);
			name = Pods;
			sourceTree = "<group>";
		};
		49E9EFC401ED437F0EB7DE74 /* Frameworks */ = {
			isa = PBXGroup;
			children = (
				7DBEA0B696E9B338F645E3BB /* Pods_MyntraUI.framework */,
			);
			name = Frameworks;
			sourceTree = "<group>";
		};
/* End PBXGroup section */

/* Begin PBXNativeTarget section */
		0C32CC6F1E55782000A04941 /* MyntraUI */ = {
			isa = PBXNativeTarget;
			buildConfigurationList = 0C32CC821E55782000A04941 /* Build configuration list for PBXNativeTarget "MyntraUI" */;
			buildPhases = (
				07CD90F46770D2F5F8B404C8 /* [CP] Check Pods Manifest.lock */,
				0C32CC6C1E55782000A04941 /* Sources */,
				0C32CC6D1E55782000A04941 /* Frameworks */,
				0C32CC6E1E55782000A04941 /* Resources */,
				2CFC8AC09DD2680693FF33FC /* [CP] Embed Pods Frameworks */,
				6CD40306126525AC22A36B60 /* [CP] Copy Pods Resources */,
			);
			buildRules = (
			);
			dependencies = (
			);
			name = MyntraUI;
			productName = MyntraUI;
			productReference = 0C32CC701E55782000A04941 /* MyntraUI.app */;
			productType = "com.apple.product-type.application";
		};
/* End PBXNativeTarget section */

/* Begin PBXProject section */
		0C32CC681E55782000A04941 /* Project object */ = {
			isa = PBXProject;
			attributes = {
				LastSwiftUpdateCheck = 0810;
				LastUpgradeCheck = 0810;
				ORGANIZATIONNAME = Appinventiv;
				TargetAttributes = {
					0C32CC6F1E55782000A04941 = {
						CreatedOnToolsVersion = 8.1;
						ProvisioningStyle = Automatic;
					};
				};
			};
			buildConfigurationList = 0C32CC6B1E55782000A04941 /* Build configuration list for PBXProject "MyntraUI" */;
			compatibilityVersion = "Xcode 3.2";
			developmentRegion = English;
			hasScannedForEncodings = 0;
			knownRegions = (
				en,
				Base,
			);
			mainGroup = 0C32CC671E55782000A04941;
			productRefGroup = 0C32CC711E55782000A04941 /* Products */;
			projectDirPath = "";
			projectRoot = "";
			targets = (
				0C32CC6F1E55782000A04941 /* MyntraUI */,
			);
		};
/* End PBXProject section */

/* Begin PBXResourcesBuildPhase section */
		0C32CC6E1E55782000A04941 /* Resources */ = {
			isa = PBXResourcesBuildPhase;
			buildActionMask = 2147483647;
			files = (
				0C32CC7E1E55782000A04941 /* LaunchScreen.storyboard in Resources */,
				0C32CC7B1E55782000A04941 /* Assets.xcassets in Resources */,
				0C32CC901E558CE200A04941 /* tableViewCellTableViewCell.xib in Resources */,
				0C32CC791E55782000A04941 /* Main.storyboard in Resources */,
				0C32CC8C1E55857C00A04941 /* ImageCollectionViewCell.xib in Resources */,
				0CFE557F1E5598D800EF0E57 /* headerView.xib in Resources */,
			);
			runOnlyForDeploymentPostprocessing = 0;
		};
/* End PBXResourcesBuildPhase section */

/* Begin PBXShellScriptBuildPhase section */
		07CD90F46770D2F5F8B404C8 /* [CP] Check Pods Manifest.lock */ = {
			isa = PBXShellScriptBuildPhase;
			buildActionMask = 2147483647;
			files = (
			);
			inputPaths = (
			);
			name = "[CP] Check Pods Manifest.lock";
			outputPaths = (
			);
			runOnlyForDeploymentPostprocessing = 0;
			shellPath = /bin/sh;
			shellScript = "diff \"${PODS_ROOT}/../Podfile.lock\" \"${PODS_ROOT}/Manifest.lock\" > /dev/null\nif [ $? != 0 ] ; then\n    # print error to STDERR\n    echo \"error: The sandbox is not in sync with the Podfile.lock. Run 'pod install' or update your CocoaPods installation.\" >&2\n    exit 1\nfi\n";
			showEnvVarsInLog = 0;
		};
		2CFC8AC09DD2680693FF33FC /* [CP] Embed Pods Frameworks */ = {
			isa = PBXShellScriptBuildPhase;
			buildActionMask = 2147483647;
			files = (
			);
			inputPaths = (
			);
			name = "[CP] Embed Pods Frameworks";
			outputPaths = (
			);
			runOnlyForDeploymentPostprocessing = 0;
			shellPath = /bin/sh;
			shellScript = "\"${SRCROOT}/Pods/Target Support Files/Pods-MyntraUI/Pods-MyntraUI-frameworks.sh\"\n";
			showEnvVarsInLog = 0;
		};
		6CD40306126525AC22A36B60 /* [CP] Copy Pods Resources */ = {
			isa = PBXShellScriptBuildPhase;
			buildActionMask = 2147483647;
			files = (
			);
			inputPaths = (
			);
			name = "[CP] Copy Pods Resources";
			outputPaths = (
			);
			runOnlyForDeploymentPostprocessing = 0;
			shellPath = /bin/sh;
			shellScript = "\"${SRCROOT}/Pods/Target Support Files/Pods-MyntraUI/Pods-MyntraUI-resources.sh\"\n";
			showEnvVarsInLog = 0;
		};
/* End PBXShellScriptBuildPhase section */

/* Begin PBXSourcesBuildPhase section */
		0C32CC6C1E55782000A04941 /* Sources */ = {
			isa = PBXSourcesBuildPhase;
			buildActionMask = 2147483647;
			files = (
				0C1624511E5C90260086B04A /* NetworkController.swift in Sources */,
				0C1624551E5C90420086B04A /* ImageInfo.swift in Sources */,
				0CFE55811E55991000EF0E57 /* headerView.swift in Sources */,
				0C32CC761E55782000A04941 /* ViewController.swift in Sources */,
				0C32CC8B1E55857C00A04941 /* ImageCollectionViewCell.swift in Sources */,
				0C1FA85C1E55CD2200991A8C /* ImageZoomViewController.swift in Sources */,
				0C32CC8F1E558CE200A04941 /* tableViewCellTableViewCell.swift in Sources */,
				0C32CC741E55782000A04941 /* AppDelegate.swift in Sources */,
				0C1624531E5C90340086B04A /* webservices.swift in Sources */,
				0C48A8A91E5EBF70007C9CDE /* Jason.swift in Sources */,
				0CF309B01E58270900DD0C9F /* extensionUI.swift in Sources */,
			);
			runOnlyForDeploymentPostprocessing = 0;
		};
/* End PBXSourcesBuildPhase section */

/* Begin PBXVariantGroup section */
		0C32CC771E55782000A04941 /* Main.storyboard */ = {
			isa = PBXVariantGroup;
			children = (
				0C32CC781E55782000A04941 /* Base */,
			);
			name = Main.storyboard;
			sourceTree = "<group>";
		};
		0C32CC7C1E55782000A04941 /* LaunchScreen.storyboard */ = {
			isa = PBXVariantGroup;
			children = (
				0C32CC7D1E55782000A04941 /* Base */,
			);
			name = LaunchScreen.storyboard;
			sourceTree = "<group>";
		};
/* End PBXVariantGroup section */

/* Begin XCBuildConfiguration section */
		0C32CC801E55782000A04941 /* Debug */ = {
			isa = XCBuildConfiguration;
			buildSettings = {
				ALWAYS_SEARCH_USER_PATHS = NO;
				CLANG_ANALYZER_NONNULL = YES;
				CLANG_CXX_LANGUAGE_STANDARD = "gnu++0x";
				CLANG_CXX_LIBRARY = "libc++";
				CLANG_ENABLE_MODULES = YES;
				CLANG_ENABLE_OBJC_ARC = YES;
				CLANG_WARN_BOOL_CONVERSION = YES;
				CLANG_WARN_CONSTANT_CONVERSION = YES;
				CLANG_WARN_DIRECT_OBJC_ISA_USAGE = YES_ERROR;
				CLANG_WARN_DOCUMENTATION_COMMENTS = YES;
				CLANG_WARN_EMPTY_BODY = YES;
				CLANG_WARN_ENUM_CONVERSION = YES;
				CLANG_WARN_INFINITE_RECURSION = YES;
				CLANG_WARN_INT_CONVERSION = YES;
				CLANG_WARN_OBJC_ROOT_CLASS = YES_ERROR;
				CLANG_WARN_SUSPICIOUS_MOVES = YES;
				CLANG_WARN_UNREACHABLE_CODE = YES;
				CLANG_WARN__DUPLICATE_METHOD_MATCH = YES;
				"CODE_SIGN_IDENTITY[sdk=iphoneos*]" = "iPhone Developer";
				COPY_PHASE_STRIP = NO;
				DEBUG_INFORMATION_FORMAT = dwarf;
				ENABLE_STRICT_OBJC_MSGSEND = YES;
				ENABLE_TESTABILITY = YES;
				GCC_C_LANGUAGE_STANDARD = gnu99;
				GCC_DYNAMIC_NO_PIC = NO;
				GCC_NO_COMMON_BLOCKS = YES;
				GCC_OPTIMIZATION_LEVEL = 0;
				GCC_PREPROCESSOR_DEFINITIONS = (
					"DEBUG=1",
					"$(inherited)",
				);
				GCC_WARN_64_TO_32_BIT_CONVERSION = YES;
				GCC_WARN_ABOUT_RETURN_TYPE = YES_ERROR;
				GCC_WARN_UNDECLARED_SELECTOR = YES;
				GCC_WARN_UNINITIALIZED_AUTOS = YES_AGGRESSIVE;
				GCC_WARN_UNUSED_FUNCTION = YES;
				GCC_WARN_UNUSED_VARIABLE = YES;
				IPHONEOS_DEPLOYMENT_TARGET = 10.1;
				MTL_ENABLE_DEBUG_INFO = YES;
				ONLY_ACTIVE_ARCH = YES;
				SDKROOT = iphoneos;
				SWIFT_ACTIVE_COMPILATION_CONDITIONS = DEBUG;
				SWIFT_OPTIMIZATION_LEVEL = "-Onone";
				TARGETED_DEVICE_FAMILY = "1,2";
			};
			name = Debug;
		};
		0C32CC811E55782000A04941 /* Release */ = {
			isa = XCBuildConfiguration;
			buildSettings = {
				ALWAYS_SEARCH_USER_PATHS = NO;
				CLANG_ANALYZER_NONNULL = YES;
				CLANG_CXX_LANGUAGE_STANDARD = "gnu++0x";
				CLANG_CXX_LIBRARY = "libc++";
				CLANG_ENABLE_MODULES = YES;
				CLANG_ENABLE_OBJC_ARC = YES;
				CLANG_WARN_BOOL_CONVERSION = YES;
				CLANG_WARN_CONSTANT_CONVERSION = YES;
				CLANG_WARN_DIRECT_OBJC_ISA_USAGE = YES_ERROR;
				CLANG_WARN_DOCUMENTATION_COMMENTS = YES;
				CLANG_WARN_EMPTY_BODY = YES;
				CLANG_WARN_ENUM_CONVERSION = YES;
				CLANG_WARN_INFINITE_RECURSION = YES;
				CLANG_WARN_INT_CONVERSION = YES;
				CLANG_WARN_OBJC_ROOT_CLASS = YES_ERROR;
				CLANG_WARN_SUSPICIOUS_MOVES = YES;
				CLANG_WARN_UNREACHABLE_CODE = YES;
				CLANG_WARN__DUPLICATE_METHOD_MATCH = YES;
				"CODE_SIGN_IDENTITY[sdk=iphoneos*]" = "iPhone Developer";
				COPY_PHASE_STRIP = NO;
				DEBUG_INFORMATION_FORMAT = "dwarf-with-dsym";
				ENABLE_NS_ASSERTIONS = NO;
				ENABLE_STRICT_OBJC_MSGSEND = YES;
				GCC_C_LANGUAGE_STANDARD = gnu99;
				GCC_NO_COMMON_BLOCKS = YES;
				GCC_WARN_64_TO_32_BIT_CONVERSION = YES;
				GCC_WARN_ABOUT_RETURN_TYPE = YES_ERROR;
				GCC_WARN_UNDECLARED_SELECTOR = YES;
				GCC_WARN_UNINITIALIZED_AUTOS = YES_AGGRESSIVE;
				GCC_WARN_UNUSED_FUNCTION = YES;
				GCC_WARN_UNUSED_VARIABLE = YES;
				IPHONEOS_DEPLOYMENT_TARGET = 10.1;
				MTL_ENABLE_DEBUG_INFO = NO;
				SDKROOT = iphoneos;
				SWIFT_OPTIMIZATION_LEVEL = "-Owholemodule";
				TARGETED_DEVICE_FAMILY = "1,2";
				VALIDATE_PRODUCT = YES;
			};
			name = Release;
		};
		0C32CC831E55782000A04941 /* Debug */ = {
			isa = XCBuildConfiguration;
			baseConfigurationReference = A676F0C4C7B4F459D7972904 /* Pods-MyntraUI.debug.xcconfig */;
			buildSettings = {
				ASSETCATALOG_COMPILER_APPICON_NAME = AppIcon;
				INFOPLIST_FILE = MyntraUI/Info.plist;
				LD_RUNPATH_SEARCH_PATHS = "$(inherited) @executable_path/Frameworks";
				PRODUCT_BUNDLE_IDENTIFIER = Appinventiv.MyntraUI;
				PRODUCT_NAME = "$(TARGET_NAME)";
				SWIFT_VERSION = 3.0;
			};
			name = Debug;
		};
		0C32CC841E55782000A04941 /* Release */ = {
			isa = XCBuildConfiguration;
			baseConfigurationReference = C6E13A7EA420DA8AE1ED3E66 /* Pods-MyntraUI.release.xcconfig */;
			buildSettings = {
				ASSETCATALOG_COMPILER_APPICON_NAME = AppIcon;
				INFOPLIST_FILE = MyntraUI/Info.plist;
				LD_RUNPATH_SEARCH_PATHS = "$(inherited) @executable_path/Frameworks";
				PRODUCT_BUNDLE_IDENTIFIER = Appinventiv.MyntraUI;
				PRODUCT_NAME = "$(TARGET_NAME)";
				SWIFT_VERSION = 3.0;
			};
			name = Release;
		};
/* End XCBuildConfiguration section */

/* Begin XCConfigurationList section */
		0C32CC6B1E55782000A04941 /* Build configuration list for PBXProject "MyntraUI" */ = {
			isa = XCConfigurationList;
			buildConfigurations = (
				0C32CC801E55782000A04941 /* Debug */,
				0C32CC811E55782000A04941 /* Release */,
			);
			defaultConfigurationIsVisible = 0;
			defaultConfigurationName = Release;
		};
		0C32CC821E55782000A04941 /* Build configuration list for PBXNativeTarget "MyntraUI" */ = {
			isa = XCConfigurationList;
			buildConfigurations = (
				0C32CC831E55782000A04941 /* Debug */,
				0C32CC841E55782000A04941 /* Release */,
			);
			defaultConfigurationIsVisible = 0;
			defaultConfigurationName = Release;
		};
/* End XCConfigurationList section */
	};
	rootObject = 0C32CC681E55782000A04941 /* Project object */;
}
